
Microsoft Visual Studio Solution File, Format Version 12.00
# Visual Studio 15
VisualStudioVersion = 15.0.27703.2035
MinimumVisualStudioVersion = 10.0.40219.1
Project("{FAE04EC0-301F-11D3-BF4B-00C04F79EFBC}") = "ListARental", "ListARental\ListARental.csproj", "{23B13F8E-B697-4B87-B1FB-6D710641DB59}"
EndProject
Global
	GlobalSection(SolutionConfigurationPlatforms) = preSolution
		Debug|Any CPU = Debug|Any CPU
		Release|Any CPU = Release|Any CPU
	EndGlobalSection
	GlobalSection(ProjectConfigurationPlatforms) = postSolution
		{23B13F8E-B697-4B87-B1FB-6D710641DB59}.Debug|Any CPU.ActiveCfg = Debug|Any CPU
		{23B13F8E-B697-4B87-B1FB-6D710641DB59}.Debug|Any CPU.Build.0 = Debug|Any CPU
		{23B13F8E-B697-4B87-B1FB-6D710641DB59}.Release|Any CPU.ActiveCfg = Release|Any CPU
		{23B13F8E-B697-4B87-B1FB-6D710641DB59}.Release|Any CPU.Build.0 = Release|Any CPU
	EndGlobalSection
	GlobalSection(SolutionProperties) = preSolution
		HideSolutionNode = FALSE
	EndGlobalSection
	GlobalSection(ExtensibilityGlobals) = postSolution
		SolutionGuid = {E1370A36-E3F4-45DF-ADB2-E32BB81DBDC1}
	EndGlobalSection
EndGlobal
